
Microsoft Visual Studio Solution File, Format Version 12.00
# Visual Studio Version 16
VisualStudioVersion = 16.0.31129.286
MinimumVisualStudioVersion = 10.0.40219.1
Project("{9A19103F-16F7-4668-BE54-9A1E7A4F7556}") = "PersonLib", "DemoLib\PersonLib.csproj", "{3C94DE40-9E51-4033-A850-904A37EAB760}"
EndProject
Project("{FAE04EC0-301F-11D3-BF4B-00C04F79EFBC}") = "PersonApi", "DemoApi\PersonApi.csproj", "{E9F0F805-6BD6-4F9C-A2C5-8D7FEDCBE351}"
EndProject
Global
	GlobalSection(SolutionConfigurationPlatforms) = preSolution
		Debug|Any CPU = Debug|Any CPU
		Release|Any CPU = Release|Any CPU
	EndGlobalSection
	GlobalSection(ProjectConfigurationPlatforms) = postSolution
		{3C94DE40-9E51-4033-A850-904A37EAB760}.Debug|Any CPU.ActiveCfg = Debug|Any CPU
		{3C94DE40-9E51-4033-A850-904A37EAB760}.Debug|Any CPU.Build.0 = Debug|Any CPU
		{3C94DE40-9E51-4033-A850-904A37EAB760}.Release|Any CPU.ActiveCfg = Release|Any CPU
		{3C94DE40-9E51-4033-A850-904A37EAB760}.Release|Any CPU.Build.0 = Release|Any CPU
		{E9F0F805-6BD6-4F9C-A2C5-8D7FEDCBE351}.Debug|Any CPU.ActiveCfg = Debug|Any CPU
		{E9F0F805-6BD6-4F9C-A2C5-8D7FEDCBE351}.Debug|Any CPU.Build.0 = Debug|Any CPU
		{E9F0F805-6BD6-4F9C-A2C5-8D7FEDCBE351}.Release|Any CPU.ActiveCfg = Release|Any CPU
		{E9F0F805-6BD6-4F9C-A2C5-8D7FEDCBE351}.Release|Any CPU.Build.0 = Release|Any CPU
	EndGlobalSection
	GlobalSection(SolutionProperties) = preSolution
		HideSolutionNode = FALSE
	EndGlobalSection
	GlobalSection(ExtensibilityGlobals) = postSolution
		SolutionGuid = {8B5246CF-F37B-4239-A4F0-177E911C98D3}
	EndGlobalSection
EndGlobal
